
Microsoft Visual Studio Solution File, Format Version 10.00
# Visual Studio 2008
Project("{FAE04EC0-301F-11D3-BF4B-00C04F79EFBC}") = "Humanoid", "Humanoid\Humanoid.csproj", "{2221DB1D-84A7-46F6-AB5D-B63B0AB1868C}"
EndProject
Global
	GlobalSection(SolutionConfigurationPlatforms) = preSolution
		Debug|Any CPU = Debug|Any CPU
		Release|Any CPU = Release|Any CPU
	EndGlobalSection
	GlobalSection(ProjectConfigurationPlatforms) = postSolution
		{2221DB1D-84A7-46F6-AB5D-B63B0AB1868C}.Debug|Any CPU.ActiveCfg = Debug|Any CPU
		{2221DB1D-84A7-46F6-AB5D-B63B0AB1868C}.Debug|Any CPU.Build.0 = Debug|Any CPU
		{2221DB1D-84A7-46F6-AB5D-B63B0AB1868C}.Release|Any CPU.ActiveCfg = Release|Any CPU
		{2221DB1D-84A7-46F6-AB5D-B63B0AB1868C}.Release|Any CPU.Build.0 = Release|Any CPU
	EndGlobalSection
	GlobalSection(SolutionProperties) = preSolution
		HideSolutionNode = FALSE
	EndGlobalSection
EndGlobal
